
Microsoft Visual Studio Solution File, Format Version 12.00
# Visual Studio Version 17
VisualStudioVersion = 17.10.34928.147
MinimumVisualStudioVersion = 10.0.40219.1
Project("{FAE04EC0-301F-11D3-BF4B-00C04F79EFBC}") = "homeWork5", "homeWork5\homeWork5.csproj", "{AF4774FA-54E8-495B-9BE7-A47D9DEB6A6F}"
EndProject
Global
	GlobalSection(SolutionConfigurationPlatforms) = preSolution
		Debug|Any CPU = Debug|Any CPU
		Release|Any CPU = Release|Any CPU
	EndGlobalSection
	GlobalSection(ProjectConfigurationPlatforms) = postSolution
		{AF4774FA-54E8-495B-9BE7-A47D9DEB6A6F}.Debug|Any CPU.ActiveCfg = Debug|Any CPU
		{AF4774FA-54E8-495B-9BE7-A47D9DEB6A6F}.Debug|Any CPU.Build.0 = Debug|Any CPU
		{AF4774FA-54E8-495B-9BE7-A47D9DEB6A6F}.Release|Any CPU.ActiveCfg = Release|Any CPU
		{AF4774FA-54E8-495B-9BE7-A47D9DEB6A6F}.Release|Any CPU.Build.0 = Release|Any CPU
	EndGlobalSection
	GlobalSection(SolutionProperties) = preSolution
		HideSolutionNode = FALSE
	EndGlobalSection
	GlobalSection(ExtensibilityGlobals) = postSolution
		SolutionGuid = {CF68ECFE-984E-46B7-BA7C-4468E7B5502B}
	EndGlobalSection
EndGlobal
