
Microsoft Visual Studio Solution File, Format Version 12.00
# Visual Studio Version 17
VisualStudioVersion = 17.10.34928.147
MinimumVisualStudioVersion = 10.0.40219.1
Project("{FAE04EC0-301F-11D3-BF4B-00C04F79EFBC}") = "09 HomeWork", "09 HomeWork\09 HomeWork.csproj", "{5BCE0C1A-60C7-482F-9B85-397E5C2253C7}"
EndProject
Global
	GlobalSection(SolutionConfigurationPlatforms) = preSolution
		Debug|Any CPU = Debug|Any CPU
		Release|Any CPU = Release|Any CPU
	EndGlobalSection
	GlobalSection(ProjectConfigurationPlatforms) = postSolution
		{5BCE0C1A-60C7-482F-9B85-397E5C2253C7}.Debug|Any CPU.ActiveCfg = Debug|Any CPU
		{5BCE0C1A-60C7-482F-9B85-397E5C2253C7}.Debug|Any CPU.Build.0 = Debug|Any CPU
		{5BCE0C1A-60C7-482F-9B85-397E5C2253C7}.Release|Any CPU.ActiveCfg = Release|Any CPU
		{5BCE0C1A-60C7-482F-9B85-397E5C2253C7}.Release|Any CPU.Build.0 = Release|Any CPU
	EndGlobalSection
	GlobalSection(SolutionProperties) = preSolution
		HideSolutionNode = FALSE
	EndGlobalSection
	GlobalSection(ExtensibilityGlobals) = postSolution
		SolutionGuid = {70B37E53-1B43-43E0-A38F-6D0141C10545}
	EndGlobalSection
EndGlobal
